{
    "version": 3,
    "terraform_version": "0.11.7",
    "serial": 21,
    "lineage": "be4fbd73-5ba3-3110-c41a-e0aba900774d",
    "modules": [
        {
            "path": [
                "root"
            ],
            "outputs": {},
            "resources": {
                "alicloud_instance.instance-test.1": {
                    "type": "alicloud_instance",
                    "depends_on": [
                        "alicloud_security_group.group-test",
                        "alicloud_vswitch.vswitch-test"
                    ],
                    "primary": {
                        "id": "i-gw8cwn17np1cyapl5xus",
                        "attributes": {
                            "availability_zone": "eu-central-1a",
                            "description": "",
                            "host_name": "testest",
                            "id": "i-gw8cwn17np1cyapl5xus",
                            "image_id": "debian_9_02_64_20G_alibase_20171023.vhd",
                            "instance_charge_type": "PostPaid",
                            "instance_name": "test",
                            "instance_type": "ecs.xn4.small",
                            "internet_charge_type": "PayByTraffic",
                            "internet_max_bandwidth_in": "0",
                            "internet_max_bandwidth_out": "100",
                            "key_name": "",
                            "password": "",
                            "private_ip": "10.1.0.69",
                            "public_ip": "47.254.154.67",
                            "security_groups.#": "1",
                            "security_groups.2411317453": "sg-gw8f4xoyy0dziwj928ey",
                            "spot_price_limit": "0",
                            "spot_strategy": "NoSpot",
                            "status": "Running",
                            "subnet_id": "vsw-gw8pfbd7lhyuklmk5bahz",
                            "system_disk_category": "cloud_efficiency",
                            "system_disk_size": "60",
                            "vswitch_id": "vsw-gw8pfbd7lhyuklmk5bahz"
                        },
                        "meta": {},
                        "tainted": false
                    },
                    "deposed": [],
                    "provider": "provider.alicloud"
                },
                "alicloud_security_group.group-test": {
                    "type": "alicloud_security_group",
                    "depends_on": [
                        "alicloud_vpc.vpc-test"
                    ],
                    "primary": {
                        "id": "sg-gw8f4xoyy0dziwj928ey",
                        "attributes": {
                            "description": "New security group",
                            "id": "sg-gw8f4xoyy0dziwj928ey",
                            "inner_access": "true",
                            "name": "terraform-test-group",
                            "vpc_id": "vpc-gw8fstw59jbdhg2u8h78k"
                        },
                        "meta": {},
                        "tainted": false
                    },
                    "deposed": [],
                    "provider": "provider.alicloud"
                },
                "alicloud_vpc.vpc-test": {
                    "type": "alicloud_vpc",
                    "depends_on": [],
                    "primary": {
                        "id": "vpc-gw8fstw59jbdhg2u8h78k",
                        "attributes": {
                            "cidr_block": "10.1.0.0/24",
                            "description": "",
                            "id": "vpc-gw8fstw59jbdhg2u8h78k",
                            "name": "test",
                            "route_table_id": "vtb-gw8pygdza5y296uvgoc12",
                            "router_id": "vrt-gw8i0vr2rugnmals3gu05",
                            "router_table_id": "vtb-gw8pygdza5y296uvgoc12"
                        },
                        "meta": {},
                        "tainted": false
                    },
                    "deposed": [],
                    "provider": "provider.alicloud"
                },
                "alicloud_vswitch.vswitch-test": {
                    "type": "alicloud_vswitch",
                    "depends_on": [
                        "alicloud_vpc.vpc-test"
                    ],
                    "primary": {
                        "id": "vsw-gw8pfbd7lhyuklmk5bahz",
                        "attributes": {
                            "availability_zone": "eu-central-1a",
                            "cidr_block": "10.1.0.0/24",
                            "description": "",
                            "id": "vsw-gw8pfbd7lhyuklmk5bahz",
                            "name": "test",
                            "vpc_id": "vpc-gw8fstw59jbdhg2u8h78k"
                        },
                        "meta": {},
                        "tainted": false
                    },
                    "deposed": [],
                    "provider": "provider.alicloud"
                }
            },
            "depends_on": []
        }
    ]
}
