{
    "version": 3,
    "terraform_version": "0.11.7",
    "serial": 105,
    "lineage": "be4fbd73-5ba3-3110-c41a-e0aba900774d",
    "modules": [
        {
            "path": [
                "root"
            ],
            "outputs": {
                "ecs_id": {
                    "sensitive": false,
                    "type": "list",
                    "value": [
                        "i-gw87jn58ajcuwecyh2x3"
                    ]
                },
                "ecs_private_ip": {
                    "sensitive": false,
                    "type": "list",
                    "value": [
                        "10.1.0.69"
                    ]
                },
                "ecs_public_ip": {
                    "sensitive": false,
                    "type": "list",
                    "value": [
                        "47.254.148.205"
                    ]
                }
            },
            "resources": {
                "alicloud_instance.instance-test": {
                    "type": "alicloud_instance",
                    "depends_on": [
                        "alicloud_key_pair.id_rsa",
                        "alicloud_security_group.group-test",
                        "alicloud_vswitch.vswitch-test"
                    ],
                    "primary": {
                        "id": "i-gw87jn58ajcuwecyh2x3",
                        "attributes": {
                            "availability_zone": "eu-central-1a",
                            "description": "",
                            "host_name": "testest",
                            "id": "i-gw87jn58ajcuwecyh2x3",
                            "image_id": "debian_8_09_64_20G_alibase_20170824.vhd",
                            "instance_charge_type": "PostPaid",
                            "instance_name": "test",
                            "instance_type": "ecs.xn4.small",
                            "internet_charge_type": "PayByTraffic",
                            "internet_max_bandwidth_in": "0",
                            "internet_max_bandwidth_out": "100",
                            "key_name": "id_rsa",
                            "password": "Hamed1215",
                            "private_ip": "10.1.0.69",
                            "public_ip": "47.254.148.205",
                            "security_groups.#": "1",
                            "security_groups.1087823259": "sg-gw8cpzvislo0panlylwx",
                            "spot_price_limit": "0",
                            "spot_strategy": "NoSpot",
                            "status": "Running",
                            "subnet_id": "vsw-gw8nu78mxn4tsy6s3g55a",
                            "system_disk_category": "cloud_efficiency",
                            "system_disk_size": "40",
                            "vswitch_id": "vsw-gw8nu78mxn4tsy6s3g55a"
                        },
                        "meta": {},
                        "tainted": false
                    },
                    "deposed": [],
                    "provider": "provider.alicloud"
                },
                "alicloud_key_pair.id_rsa": {
                    "type": "alicloud_key_pair",
                    "depends_on": [],
                    "primary": {
                        "id": "id_rsa",
                        "attributes": {
                            "id": "id_rsa",
                            "key_name": "id_rsa",
                            "public_key": "ssh-rsa AAAAB3NzaC1yc2EAAAADAQABAAABAQDN4i4KIKVXUkic3BSjxP5vxACuR/cnIAo7Nf33afP0uPOyePll+W6dnNgWM5Vk8wx/eE+Sn+2yfxl1Y0awF1AULCSwg/3a1rz00B8fGOg8j416rzMmRP8L8CAyJpiCPkH0n//e4+asqEUJuiCN9z74pQjmQWQ6eF3uUR1PObRs9RglhW3I3LjeQAmg+oaiF2ClNiLrNe3WDAAL5Z2ZcGmh6/v2vD+Y7Kq31rNnVS2hEGhNFwm+xU8Z4Nb7LewIrE6JGP7sR7enOHhKsOfuj///JWRYkhIelirRuaMJZ43aiJvXh6IuPXFUuAeZUKYT+61hyodkScSBWW6DgvU3lMkn hamed@hamed"
                        },
                        "meta": {},
                        "tainted": false
                    },
                    "deposed": [],
                    "provider": "provider.alicloud"
                },
                "alicloud_security_group.group-test": {
                    "type": "alicloud_security_group",
                    "depends_on": [
                        "alicloud_vpc.vpc-test"
                    ],
                    "primary": {
                        "id": "sg-gw8cpzvislo0panlylwx",
                        "attributes": {
                            "description": "",
                            "id": "sg-gw8cpzvislo0panlylwx",
                            "inner_access": "true",
                            "name": "terraform-test-group",
                            "vpc_id": "vpc-gw8tlukors9to9l0ynv4r"
                        },
                        "meta": {},
                        "tainted": false
                    },
                    "deposed": [],
                    "provider": "provider.alicloud"
                },
                "alicloud_security_group_rule.allow_full_port": {
                    "type": "alicloud_security_group_rule",
                    "depends_on": [
                        "alicloud_security_group.group-test"
                    ],
                    "primary": {
                        "id": "sg-gw8cpzvislo0panlylwx:ingress:tcp:1/36535:intranet:0.0.0.0/0:accept:1",
                        "attributes": {
                            "cidr_ip": "0.0.0.0/0",
                            "id": "sg-gw8cpzvislo0panlylwx:ingress:tcp:1/36535:intranet:0.0.0.0/0:accept:1",
                            "ip_protocol": "tcp",
                            "nic_type": "intranet",
                            "policy": "accept",
                            "port_range": "1/36535",
                            "priority": "1",
                            "security_group_id": "sg-gw8cpzvislo0panlylwx",
                            "source_group_owner_account": "",
                            "source_security_group_id": "",
                            "type": "ingress"
                        },
                        "meta": {},
                        "tainted": false
                    },
                    "deposed": [],
                    "provider": "provider.alicloud"
                },
                "alicloud_vpc.vpc-test": {
                    "type": "alicloud_vpc",
                    "depends_on": [],
                    "primary": {
                        "id": "vpc-gw8tlukors9to9l0ynv4r",
                        "attributes": {
                            "cidr_block": "10.1.0.0/16",
                            "description": "",
                            "id": "vpc-gw8tlukors9to9l0ynv4r",
                            "name": "test",
                            "route_table_id": "vtb-gw81s2bku5spj7bc85b31",
                            "router_id": "vrt-gw8g2jve6mxa278vodo4c",
                            "router_table_id": "vtb-gw81s2bku5spj7bc85b31"
                        },
                        "meta": {},
                        "tainted": false
                    },
                    "deposed": [],
                    "provider": "provider.alicloud"
                },
                "alicloud_vswitch.vswitch-test": {
                    "type": "alicloud_vswitch",
                    "depends_on": [
                        "alicloud_vpc.vpc-test"
                    ],
                    "primary": {
                        "id": "vsw-gw8nu78mxn4tsy6s3g55a",
                        "attributes": {
                            "availability_zone": "eu-central-1a",
                            "cidr_block": "10.1.0.0/16",
                            "description": "",
                            "id": "vsw-gw8nu78mxn4tsy6s3g55a",
                            "name": "test",
                            "vpc_id": "vpc-gw8tlukors9to9l0ynv4r"
                        },
                        "meta": {},
                        "tainted": false
                    },
                    "deposed": [],
                    "provider": "provider.alicloud"
                }
            },
            "depends_on": []
        }
    ]
}
